
Microsoft Visual Studio Solution File, Format Version 12.00
# Visual Studio 15
VisualStudioVersion = 15.0.27004.2009
MinimumVisualStudioVersion = 10.0.40219.1
Project("{9A19103F-16F7-4668-BE54-9A1E7A4F7556}") = "Domain", "Domain\Domain.csproj", "{4DF39727-6018-4DD5-B870-A26EC6141606}"
EndProject
Project("{9A19103F-16F7-4668-BE54-9A1E7A4F7556}") = "WebApp", "WebApp\WebApp.csproj", "{C214B2D1-9039-4C01-BB0A-EDABF99A92A5}"
EndProject
Global
	GlobalSection(SolutionConfigurationPlatforms) = preSolution
		Debug|Any CPU = Debug|Any CPU
		Release|Any CPU = Release|Any CPU
	EndGlobalSection
	GlobalSection(ProjectConfigurationPlatforms) = postSolution
		{4DF39727-6018-4DD5-B870-A26EC6141606}.Debug|Any CPU.ActiveCfg = Debug|Any CPU
		{4DF39727-6018-4DD5-B870-A26EC6141606}.Debug|Any CPU.Build.0 = Debug|Any CPU
		{4DF39727-6018-4DD5-B870-A26EC6141606}.Release|Any CPU.ActiveCfg = Release|Any CPU
		{4DF39727-6018-4DD5-B870-A26EC6141606}.Release|Any CPU.Build.0 = Release|Any CPU
		{C214B2D1-9039-4C01-BB0A-EDABF99A92A5}.Debug|Any CPU.ActiveCfg = Debug|Any CPU
		{C214B2D1-9039-4C01-BB0A-EDABF99A92A5}.Debug|Any CPU.Build.0 = Debug|Any CPU
		{C214B2D1-9039-4C01-BB0A-EDABF99A92A5}.Release|Any CPU.ActiveCfg = Release|Any CPU
		{C214B2D1-9039-4C01-BB0A-EDABF99A92A5}.Release|Any CPU.Build.0 = Release|Any CPU
	EndGlobalSection
	GlobalSection(SolutionProperties) = preSolution
		HideSolutionNode = FALSE
	EndGlobalSection
	GlobalSection(ExtensibilityGlobals) = postSolution
		SolutionGuid = {869F242C-592E-45AF-B5A7-AE230625F794}
	EndGlobalSection
EndGlobal
